// !$*UTF8*$!
{
	archiveVersion = 1;
	classes = {
	};
	objectVersion = 50;
	objects = {

/* Begin PBXBuildFile section */
		7584280B218DD25300112E4B /* AvatarPickerVC.swift in Sources */ = {isa = PBXBuildFile; fileRef = 7584280A218DD25300112E4B /* AvatarPickerVC.swift */; };
		7584280D218DD3EB00112E4B /* AvatarCell.swift in Sources */ = {isa = PBXBuildFile; fileRef = 7584280C218DD3EB00112E4B /* AvatarCell.swift */; };
		7584280F218DDCAE00112E4B /* CircleImage.swift in Sources */ = {isa = PBXBuildFile; fileRef = 7584280E218DDCAE00112E4B /* CircleImage.swift */; };
		75A5CAD021849ABF00DA19A4 /* AuthService.swift in Sources */ = {isa = PBXBuildFile; fileRef = 75A5CACF21849ABF00DA19A4 /* AuthService.swift */; };
		75A5CAD22184A62600DA19A4 /* RoundedButton.swift in Sources */ = {isa = PBXBuildFile; fileRef = 75A5CAD12184A62600DA19A4 /* RoundedButton.swift */; };
		75A5CAD42184AE1F00DA19A4 /* UserDataService.swift in Sources */ = {isa = PBXBuildFile; fileRef = 75A5CAD32184AE1F00DA19A4 /* UserDataService.swift */; };
		75E80D88218F585200CD5008 /* ProfileVC.swift in Sources */ = {isa = PBXBuildFile; fileRef = 75E80D86218F585200CD5008 /* ProfileVC.swift */; };
		75E80D89218F585200CD5008 /* ProfileVC.xib in Resources */ = {isa = PBXBuildFile; fileRef = 75E80D87218F585200CD5008 /* ProfileVC.xib */; };
		75EC4A722180D568001EB0BB /* GradientView.swift in Sources */ = {isa = PBXBuildFile; fileRef = 75EC4A712180D568001EB0BB /* GradientView.swift */; };
		75EC4A752180DEAC001EB0BB /* Constants.swift in Sources */ = {isa = PBXBuildFile; fileRef = 75EC4A742180DEAC001EB0BB /* Constants.swift */; };
		75EC4A772180E342001EB0BB /* LoginVC.swift in Sources */ = {isa = PBXBuildFile; fileRef = 75EC4A762180E342001EB0BB /* LoginVC.swift */; };
		75EC4A792180E4FE001EB0BB /* CreateAccountVC.swift in Sources */ = {isa = PBXBuildFile; fileRef = 75EC4A782180E4FE001EB0BB /* CreateAccountVC.swift */; };
		75F1FA1E217E2F3400031F40 /* AppDelegate.swift in Sources */ = {isa = PBXBuildFile; fileRef = 75F1FA1D217E2F3400031F40 /* AppDelegate.swift */; };
		75F1FA23217E2F3400031F40 /* Main.storyboard in Resources */ = {isa = PBXBuildFile; fileRef = 75F1FA21217E2F3400031F40 /* Main.storyboard */; };
		75F1FA25217E2F3600031F40 /* Assets.xcassets in Resources */ = {isa = PBXBuildFile; fileRef = 75F1FA24217E2F3600031F40 /* Assets.xcassets */; };
		75F1FA28217E2F3600031F40 /* LaunchScreen.storyboard in Resources */ = {isa = PBXBuildFile; fileRef = 75F1FA26217E2F3600031F40 /* LaunchScreen.storyboard */; };
		75F1FA35217E3D4B00031F40 /* ChatVC.swift in Sources */ = {isa = PBXBuildFile; fileRef = 75F1FA34217E3D4B00031F40 /* ChatVC.swift */; };
		75F1FA37217E3D5B00031F40 /* ChannelVC.swift in Sources */ = {isa = PBXBuildFile; fileRef = 75F1FA36217E3D5A00031F40 /* ChannelVC.swift */; };
		AF8CB355F27BCD654CAAC065 /* Pods_Stalk.framework in Frameworks */ = {isa = PBXBuildFile; fileRef = 767424EB254546757EF8A87E /* Pods_Stalk.framework */; };
/* End PBXBuildFile section */

/* Begin PBXFileReference section */
		09E880F744B6456BABE67471 /* Pods-Stalk.debug.xcconfig */ = {isa = PBXFileReference; includeInIndex = 1; lastKnownFileType = text.xcconfig; name = "Pods-Stalk.debug.xcconfig"; path = "Pods/Target Support Files/Pods-Stalk/Pods-Stalk.debug.xcconfig"; sourceTree = "<group>"; };
		7584280A218DD25300112E4B /* AvatarPickerVC.swift */ = {isa = PBXFileReference; lastKnownFileType = sourcecode.swift; path = AvatarPickerVC.swift; sourceTree = "<group>"; };
		7584280C218DD3EB00112E4B /* AvatarCell.swift */ = {isa = PBXFileReference; lastKnownFileType = sourcecode.swift; path = AvatarCell.swift; sourceTree = "<group>"; };
		7584280E218DDCAE00112E4B /* CircleImage.swift */ = {isa = PBXFileReference; lastKnownFileType = sourcecode.swift; path = CircleImage.swift; sourceTree = "<group>"; };
		75A5CACF21849ABF00DA19A4 /* AuthService.swift */ = {isa = PBXFileReference; lastKnownFileType = sourcecode.swift; path = AuthService.swift; sourceTree = "<group>"; };
		75A5CAD12184A62600DA19A4 /* RoundedButton.swift */ = {isa = PBXFileReference; lastKnownFileType = sourcecode.swift; path = RoundedButton.swift; sourceTree = "<group>"; };
		75A5CAD32184AE1F00DA19A4 /* UserDataService.swift */ = {isa = PBXFileReference; lastKnownFileType = sourcecode.swift; path = UserDataService.swift; sourceTree = "<group>"; };
		75E80D86218F585200CD5008 /* ProfileVC.swift */ = {isa = PBXFileReference; lastKnownFileType = sourcecode.swift; path = ProfileVC.swift; sourceTree = "<group>"; };
		75E80D87218F585200CD5008 /* ProfileVC.xib */ = {isa = PBXFileReference; lastKnownFileType = file.xib; path = ProfileVC.xib; sourceTree = "<group>"; };
		75EC4A712180D568001EB0BB /* GradientView.swift */ = {isa = PBXFileReference; lastKnownFileType = sourcecode.swift; path = GradientView.swift; sourceTree = "<group>"; };
		75EC4A742180DEAC001EB0BB /* Constants.swift */ = {isa = PBXFileReference; lastKnownFileType = sourcecode.swift; path = Constants.swift; sourceTree = "<group>"; };
		75EC4A762180E342001EB0BB /* LoginVC.swift */ = {isa = PBXFileReference; lastKnownFileType = sourcecode.swift; path = LoginVC.swift; sourceTree = "<group>"; };
		75EC4A782180E4FE001EB0BB /* CreateAccountVC.swift */ = {isa = PBXFileReference; lastKnownFileType = sourcecode.swift; path = CreateAccountVC.swift; sourceTree = "<group>"; };
		75F1FA1A217E2F3400031F40 /* Stalk.app */ = {isa = PBXFileReference; explicitFileType = wrapper.application; includeInIndex = 0; path = Stalk.app; sourceTree = BUILT_PRODUCTS_DIR; };
		75F1FA1D217E2F3400031F40 /* AppDelegate.swift */ = {isa = PBXFileReference; lastKnownFileType = sourcecode.swift; path = AppDelegate.swift; sourceTree = "<group>"; };
		75F1FA22217E2F3400031F40 /* Base */ = {isa = PBXFileReference; lastKnownFileType = file.storyboard; name = Base; path = Base.lproj/Main.storyboard; sourceTree = "<group>"; };
		75F1FA24217E2F3600031F40 /* Assets.xcassets */ = {isa = PBXFileReference; lastKnownFileType = folder.assetcatalog; path = Assets.xcassets; sourceTree = "<group>"; };
		75F1FA27217E2F3600031F40 /* Base */ = {isa = PBXFileReference; lastKnownFileType = file.storyboard; name = Base; path = Base.lproj/LaunchScreen.storyboard; sourceTree = "<group>"; };
		75F1FA29217E2F3600031F40 /* Info.plist */ = {isa = PBXFileReference; lastKnownFileType = text.plist.xml; path = Info.plist; sourceTree = "<group>"; };
		75F1FA34217E3D4B00031F40 /* ChatVC.swift */ = {isa = PBXFileReference; lastKnownFileType = sourcecode.swift; path = ChatVC.swift; sourceTree = "<group>"; };
		75F1FA36217E3D5A00031F40 /* ChannelVC.swift */ = {isa = PBXFileReference; lastKnownFileType = sourcecode.swift; path = ChannelVC.swift; sourceTree = "<group>"; };
		767424EB254546757EF8A87E /* Pods_Stalk.framework */ = {isa = PBXFileReference; explicitFileType = wrapper.framework; includeInIndex = 0; path = Pods_Stalk.framework; sourceTree = BUILT_PRODUCTS_DIR; };
		DAC1F223C10E97255501BE5C /* Pods-Stalk.release.xcconfig */ = {isa = PBXFileReference; includeInIndex = 1; lastKnownFileType = text.xcconfig; name = "Pods-Stalk.release.xcconfig"; path = "Pods/Target Support Files/Pods-Stalk/Pods-Stalk.release.xcconfig"; sourceTree = "<group>"; };
/* End PBXFileReference section */

/* Begin PBXFrameworksBuildPhase section */
		75F1FA17217E2F3400031F40 /* Frameworks */ = {
			isa = PBXFrameworksBuildPhase;
			buildActionMask = 2147483647;
			files = (
				AF8CB355F27BCD654CAAC065 /* Pods_Stalk.framework in Frameworks */,
			);
			runOnlyForDeploymentPostprocessing = 0;
		};
/* End PBXFrameworksBuildPhase section */

/* Begin PBXGroup section */
		2BA47521F3335A689DE8E84E /* Frameworks */ = {
			isa = PBXGroup;
			children = (
				767424EB254546757EF8A87E /* Pods_Stalk.framework */,
			);
			name = Frameworks;
			sourceTree = "<group>";
		};
		75A5CACE21849AAB00DA19A4 /* Services */ = {
			isa = PBXGroup;
			children = (
				75A5CACF21849ABF00DA19A4 /* AuthService.swift */,
				75A5CAD32184AE1F00DA19A4 /* UserDataService.swift */,
			);
			path = Services;
			sourceTree = "<group>";
		};
		75E80D8A218F586100CD5008 /* XIBs */ = {
			isa = PBXGroup;
			children = (
				75E80D87218F585200CD5008 /* ProfileVC.xib */,
			);
			path = XIBs;
			sourceTree = "<group>";
		};
		75EC4A732180DE97001EB0BB /* Utilitis */ = {
			isa = PBXGroup;
			children = (
				75EC4A742180DEAC001EB0BB /* Constants.swift */,
			);
			path = Utilitis;
			sourceTree = "<group>";
		};
		75F1FA11217E2F3400031F40 = {
			isa = PBXGroup;
			children = (
				75F1FA1C217E2F3400031F40 /* Stalk */,
				75F1FA1B217E2F3400031F40 /* Products */,
				F118DB896D1236A1A368E51B /* Pods */,
				2BA47521F3335A689DE8E84E /* Frameworks */,
			);
			sourceTree = "<group>";
		};
		75F1FA1B217E2F3400031F40 /* Products */ = {
			isa = PBXGroup;
			children = (
				75F1FA1A217E2F3400031F40 /* Stalk.app */,
			);
			name = Products;
			sourceTree = "<group>";
		};
		75F1FA1C217E2F3400031F40 /* Stalk */ = {
			isa = PBXGroup;
			children = (
				75E80D8A218F586100CD5008 /* XIBs */,
				75A5CACE21849AAB00DA19A4 /* Services */,
				75EC4A732180DE97001EB0BB /* Utilitis */,
				75F1FA33217E3D2F00031F40 /* Views */,
				75F1FA32217E3D2700031F40 /* Models */,
				75F1FA31217E3D1A00031F40 /* Controllers */,
				75F1FA2F217E389300031F40 /* Support Files */,
				75F1FA1D217E2F3400031F40 /* AppDelegate.swift */,
				75F1FA21217E2F3400031F40 /* Main.storyboard */,
				75F1FA24217E2F3600031F40 /* Assets.xcassets */,
				75F1FA26217E2F3600031F40 /* LaunchScreen.storyboard */,
				75F1FA29217E2F3600031F40 /* Info.plist */,
			);
			path = Stalk;
			sourceTree = "<group>";
		};
		75F1FA2F217E389300031F40 /* Support Files */ = {
			isa = PBXGroup;
			children = (
			);
			path = "Support Files";
			sourceTree = "<group>";
		};
		75F1FA31217E3D1A00031F40 /* Controllers */ = {
			isa = PBXGroup;
			children = (
				75F1FA34217E3D4B00031F40 /* ChatVC.swift */,
				75F1FA36217E3D5A00031F40 /* ChannelVC.swift */,
				75EC4A762180E342001EB0BB /* LoginVC.swift */,
				75EC4A782180E4FE001EB0BB /* CreateAccountVC.swift */,
				7584280A218DD25300112E4B /* AvatarPickerVC.swift */,
				75E80D86218F585200CD5008 /* ProfileVC.swift */,
			);
			path = Controllers;
			sourceTree = "<group>";
		};
		75F1FA32217E3D2700031F40 /* Models */ = {
			isa = PBXGroup;
			children = (
			);
			path = Models;
			sourceTree = "<group>";
		};
		75F1FA33217E3D2F00031F40 /* Views */ = {
			isa = PBXGroup;
			children = (
				75EC4A712180D568001EB0BB /* GradientView.swift */,
				75A5CAD12184A62600DA19A4 /* RoundedButton.swift */,
				7584280C218DD3EB00112E4B /* AvatarCell.swift */,
				7584280E218DDCAE00112E4B /* CircleImage.swift */,
			);
			path = Views;
			sourceTree = "<group>";
		};
		F118DB896D1236A1A368E51B /* Pods */ = {
			isa = PBXGroup;
			children = (
				09E880F744B6456BABE67471 /* Pods-Stalk.debug.xcconfig */,
				DAC1F223C10E97255501BE5C /* Pods-Stalk.release.xcconfig */,
			);
			name = Pods;
			sourceTree = "<group>";
		};
/* End PBXGroup section */

/* Begin PBXNativeTarget section */
		75F1FA19217E2F3400031F40 /* Stalk */ = {
			isa = PBXNativeTarget;
			buildConfigurationList = 75F1FA2C217E2F3600031F40 /* Build configuration list for PBXNativeTarget "Stalk" */;
			buildPhases = (
				08CC894650093B87B7E5791E /* [CP] Check Pods Manifest.lock */,
				75F1FA16217E2F3400031F40 /* Sources */,
				75F1FA17217E2F3400031F40 /* Frameworks */,
				75F1FA18217E2F3400031F40 /* Resources */,
				82F58EECC5D9A116140944E8 /* [CP] Embed Pods Frameworks */,
			);
			buildRules = (
			);
			dependencies = (
			);
			name = Stalk;
			productName = Stalk;
			productReference = 75F1FA1A217E2F3400031F40 /* Stalk.app */;
			productType = "com.apple.product-type.application";
		};
/* End PBXNativeTarget section */

/* Begin PBXProject section */
		75F1FA12217E2F3400031F40 /* Project object */ = {
			isa = PBXProject;
			attributes = {
				LastSwiftUpdateCheck = 1000;
				LastUpgradeCheck = 1000;
				ORGANIZATIONNAME = Artur;
				TargetAttributes = {
					75F1FA19217E2F3400031F40 = {
						CreatedOnToolsVersion = 10.0;
					};
				};
			};
			buildConfigurationList = 75F1FA15217E2F3400031F40 /* Build configuration list for PBXProject "Stalk" */;
			compatibilityVersion = "Xcode 9.3";
			developmentRegion = en;
			hasScannedForEncodings = 0;
			knownRegions = (
				en,
				Base,
			);
			mainGroup = 75F1FA11217E2F3400031F40;
			productRefGroup = 75F1FA1B217E2F3400031F40 /* Products */;
			projectDirPath = "";
			projectRoot = "";
			targets = (
				75F1FA19217E2F3400031F40 /* Stalk */,
			);
		};
/* End PBXProject section */

/* Begin PBXResourcesBuildPhase section */
		75F1FA18217E2F3400031F40 /* Resources */ = {
			isa = PBXResourcesBuildPhase;
			buildActionMask = 2147483647;
			files = (
				75E80D89218F585200CD5008 /* ProfileVC.xib in Resources */,
				75F1FA28217E2F3600031F40 /* LaunchScreen.storyboard in Resources */,
				75F1FA25217E2F3600031F40 /* Assets.xcassets in Resources */,
				75F1FA23217E2F3400031F40 /* Main.storyboard in Resources */,
			);
			runOnlyForDeploymentPostprocessing = 0;
		};
/* End PBXResourcesBuildPhase section */

/* Begin PBXShellScriptBuildPhase section */
		08CC894650093B87B7E5791E /* [CP] Check Pods Manifest.lock */ = {
			isa = PBXShellScriptBuildPhase;
			buildActionMask = 2147483647;
			files = (
			);
			inputPaths = (
				"${PODS_PODFILE_DIR_PATH}/Podfile.lock",
				"${PODS_ROOT}/Manifest.lock",
			);
			name = "[CP] Check Pods Manifest.lock";
			outputPaths = (
				"$(DERIVED_FILE_DIR)/Pods-Stalk-checkManifestLockResult.txt",
			);
			runOnlyForDeploymentPostprocessing = 0;
			shellPath = /bin/sh;
			shellScript = "diff \"${PODS_PODFILE_DIR_PATH}/Podfile.lock\" \"${PODS_ROOT}/Manifest.lock\" > /dev/null\nif [ $? != 0 ] ; then\n    # print error to STDERR\n    echo \"error: The sandbox is not in sync with the Podfile.lock. Run 'pod install' or update your CocoaPods installation.\" >&2\n    exit 1\nfi\n# This output is used by Xcode 'outputs' to avoid re-running this script phase.\necho \"SUCCESS\" > \"${SCRIPT_OUTPUT_FILE_0}\"\n";
			showEnvVarsInLog = 0;
		};
		82F58EECC5D9A116140944E8 /* [CP] Embed Pods Frameworks */ = {
			isa = PBXShellScriptBuildPhase;
			buildActionMask = 2147483647;
			files = (
			);
			inputPaths = (
				"${SRCROOT}/Pods/Target Support Files/Pods-Stalk/Pods-Stalk-frameworks.sh",
				"${BUILT_PRODUCTS_DIR}/Alamofire/Alamofire.framework",
				"${BUILT_PRODUCTS_DIR}/SVProgressHUD/SVProgressHUD.framework",
				"${BUILT_PRODUCTS_DIR}/SWRevealViewController/SWRevealViewController.framework",
				"${BUILT_PRODUCTS_DIR}/Socket.IO-Client-Swift/SocketIO.framework",
				"${BUILT_PRODUCTS_DIR}/Starscream/Starscream.framework",
				"${BUILT_PRODUCTS_DIR}/SwiftyJSON/SwiftyJSON.framework",
			);
			name = "[CP] Embed Pods Frameworks";
			outputPaths = (
				"${TARGET_BUILD_DIR}/${FRAMEWORKS_FOLDER_PATH}/Alamofire.framework",
				"${TARGET_BUILD_DIR}/${FRAMEWORKS_FOLDER_PATH}/SVProgressHUD.framework",
				"${TARGET_BUILD_DIR}/${FRAMEWORKS_FOLDER_PATH}/SWRevealViewController.framework",
				"${TARGET_BUILD_DIR}/${FRAMEWORKS_FOLDER_PATH}/SocketIO.framework",
				"${TARGET_BUILD_DIR}/${FRAMEWORKS_FOLDER_PATH}/Starscream.framework",
				"${TARGET_BUILD_DIR}/${FRAMEWORKS_FOLDER_PATH}/SwiftyJSON.framework",
			);
			runOnlyForDeploymentPostprocessing = 0;
			shellPath = /bin/sh;
			shellScript = "\"${SRCROOT}/Pods/Target Support Files/Pods-Stalk/Pods-Stalk-frameworks.sh\"\n";
			showEnvVarsInLog = 0;
		};
/* End PBXShellScriptBuildPhase section */

/* Begin PBXSourcesBuildPhase section */
		75F1FA16217E2F3400031F40 /* Sources */ = {
			isa = PBXSourcesBuildPhase;
			buildActionMask = 2147483647;
			files = (
				75EC4A752180DEAC001EB0BB /* Constants.swift in Sources */,
				7584280B218DD25300112E4B /* AvatarPickerVC.swift in Sources */,
				75E80D88218F585200CD5008 /* ProfileVC.swift in Sources */,
				75F1FA35217E3D4B00031F40 /* ChatVC.swift in Sources */,
				7584280F218DDCAE00112E4B /* CircleImage.swift in Sources */,
				75EC4A772180E342001EB0BB /* LoginVC.swift in Sources */,
				75F1FA37217E3D5B00031F40 /* ChannelVC.swift in Sources */,
				75A5CAD22184A62600DA19A4 /* RoundedButton.swift in Sources */,
				75EC4A792180E4FE001EB0BB /* CreateAccountVC.swift in Sources */,
				75A5CAD42184AE1F00DA19A4 /* UserDataService.swift in Sources */,
				75EC4A722180D568001EB0BB /* GradientView.swift in Sources */,
				75F1FA1E217E2F3400031F40 /* AppDelegate.swift in Sources */,
				7584280D218DD3EB00112E4B /* AvatarCell.swift in Sources */,
				75A5CAD021849ABF00DA19A4 /* AuthService.swift in Sources */,
			);
			runOnlyForDeploymentPostprocessing = 0;
		};
/* End PBXSourcesBuildPhase section */

/* Begin PBXVariantGroup section */
		75F1FA21217E2F3400031F40 /* Main.storyboard */ = {
			isa = PBXVariantGroup;
			children = (
				75F1FA22217E2F3400031F40 /* Base */,
			);
			name = Main.storyboard;
			sourceTree = "<group>";
		};
		75F1FA26217E2F3600031F40 /* LaunchScreen.storyboard */ = {
			isa = PBXVariantGroup;
			children = (
				75F1FA27217E2F3600031F40 /* Base */,
			);
			name = LaunchScreen.storyboard;
			sourceTree = "<group>";
		};
/* End PBXVariantGroup section */

/* Begin XCBuildConfiguration section */
		75F1FA2A217E2F3600031F40 /* Debug */ = {
			isa = XCBuildConfiguration;
			buildSettings = {
				ALWAYS_SEARCH_USER_PATHS = NO;
				CLANG_ANALYZER_NONNULL = YES;
				CLANG_ANALYZER_NUMBER_OBJECT_CONVERSION = YES_AGGRESSIVE;
				CLANG_CXX_LANGUAGE_STANDARD = "gnu++14";
				CLANG_CXX_LIBRARY = "libc++";
				CLANG_ENABLE_MODULES = YES;
				CLANG_ENABLE_OBJC_ARC = YES;
				CLANG_ENABLE_OBJC_WEAK = YES;
				CLANG_WARN_BLOCK_CAPTURE_AUTORELEASING = YES;
				CLANG_WARN_BOOL_CONVERSION = YES;
				CLANG_WARN_COMMA = YES;
				CLANG_WARN_CONSTANT_CONVERSION = YES;
				CLANG_WARN_DEPRECATED_OBJC_IMPLEMENTATIONS = YES;
				CLANG_WARN_DIRECT_OBJC_ISA_USAGE = YES_ERROR;
				CLANG_WARN_DOCUMENTATION_COMMENTS = YES;
				CLANG_WARN_EMPTY_BODY = YES;
				CLANG_WARN_ENUM_CONVERSION = YES;
				CLANG_WARN_INFINITE_RECURSION = YES;
				CLANG_WARN_INT_CONVERSION = YES;
				CLANG_WARN_NON_LITERAL_NULL_CONVERSION = YES;
				CLANG_WARN_OBJC_IMPLICIT_RETAIN_SELF = YES;
				CLANG_WARN_OBJC_LITERAL_CONVERSION = YES;
				CLANG_WARN_OBJC_ROOT_CLASS = YES_ERROR;
				CLANG_WARN_RANGE_LOOP_ANALYSIS = YES;
				CLANG_WARN_STRICT_PROTOTYPES = YES;
				CLANG_WARN_SUSPICIOUS_MOVE = YES;
				CLANG_WARN_UNGUARDED_AVAILABILITY = YES_AGGRESSIVE;
				CLANG_WARN_UNREACHABLE_CODE = YES;
				CLANG_WARN__DUPLICATE_METHOD_MATCH = YES;
				CODE_SIGN_IDENTITY = "iPhone Developer";
				COPY_PHASE_STRIP = NO;
				DEBUG_INFORMATION_FORMAT = dwarf;
				ENABLE_STRICT_OBJC_MSGSEND = YES;
				ENABLE_TESTABILITY = YES;
				GCC_C_LANGUAGE_STANDARD = gnu11;
				GCC_DYNAMIC_NO_PIC = NO;
				GCC_NO_COMMON_BLOCKS = YES;
				GCC_OPTIMIZATION_LEVEL = 0;
				GCC_PREPROCESSOR_DEFINITIONS = (
					"DEBUG=1",
					"$(inherited)",
				);
				GCC_WARN_64_TO_32_BIT_CONVERSION = YES;
				GCC_WARN_ABOUT_RETURN_TYPE = YES_ERROR;
				GCC_WARN_UNDECLARED_SELECTOR = YES;
				GCC_WARN_UNINITIALIZED_AUTOS = YES_AGGRESSIVE;
				GCC_WARN_UNUSED_FUNCTION = YES;
				GCC_WARN_UNUSED_VARIABLE = YES;
				IPHONEOS_DEPLOYMENT_TARGET = 12.0;
				MTL_ENABLE_DEBUG_INFO = INCLUDE_SOURCE;
				MTL_FAST_MATH = YES;
				ONLY_ACTIVE_ARCH = YES;
				SDKROOT = iphoneos;
				SWIFT_ACTIVE_COMPILATION_CONDITIONS = DEBUG;
				SWIFT_OPTIMIZATION_LEVEL = "-Onone";
			};
			name = Debug;
		};
		75F1FA2B217E2F3600031F40 /* Release */ = {
			isa = XCBuildConfiguration;
			buildSettings = {
				ALWAYS_SEARCH_USER_PATHS = NO;
				CLANG_ANALYZER_NONNULL = YES;
				CLANG_ANALYZER_NUMBER_OBJECT_CONVERSION = YES_AGGRESSIVE;
				CLANG_CXX_LANGUAGE_STANDARD = "gnu++14";
				CLANG_CXX_LIBRARY = "libc++";
				CLANG_ENABLE_MODULES = YES;
				CLANG_ENABLE_OBJC_ARC = YES;
				CLANG_ENABLE_OBJC_WEAK = YES;
				CLANG_WARN_BLOCK_CAPTURE_AUTORELEASING = YES;
				CLANG_WARN_BOOL_CONVERSION = YES;
				CLANG_WARN_COMMA = YES;
				CLANG_WARN_CONSTANT_CONVERSION = YES;
				CLANG_WARN_DEPRECATED_OBJC_IMPLEMENTATIONS = YES;
				CLANG_WARN_DIRECT_OBJC_ISA_USAGE = YES_ERROR;
				CLANG_WARN_DOCUMENTATION_COMMENTS = YES;
				CLANG_WARN_EMPTY_BODY = YES;
				CLANG_WARN_ENUM_CONVERSION = YES;
				CLANG_WARN_INFINITE_RECURSION = YES;
				CLANG_WARN_INT_CONVERSION = YES;
				CLANG_WARN_NON_LITERAL_NULL_CONVERSION = YES;
				CLANG_WARN_OBJC_IMPLICIT_RETAIN_SELF = YES;
				CLANG_WARN_OBJC_LITERAL_CONVERSION = YES;
				CLANG_WARN_OBJC_ROOT_CLASS = YES_ERROR;
				CLANG_WARN_RANGE_LOOP_ANALYSIS = YES;
				CLANG_WARN_STRICT_PROTOTYPES = YES;
				CLANG_WARN_SUSPICIOUS_MOVE = YES;
				CLANG_WARN_UNGUARDED_AVAILABILITY = YES_AGGRESSIVE;
				CLANG_WARN_UNREACHABLE_CODE = YES;
				CLANG_WARN__DUPLICATE_METHOD_MATCH = YES;
				CODE_SIGN_IDENTITY = "iPhone Developer";
				COPY_PHASE_STRIP = NO;
				DEBUG_INFORMATION_FORMAT = "dwarf-with-dsym";
				ENABLE_NS_ASSERTIONS = NO;
				ENABLE_STRICT_OBJC_MSGSEND = YES;
				GCC_C_LANGUAGE_STANDARD = gnu11;
				GCC_NO_COMMON_BLOCKS = YES;
				GCC_WARN_64_TO_32_BIT_CONVERSION = YES;
				GCC_WARN_ABOUT_RETURN_TYPE = YES_ERROR;
				GCC_WARN_UNDECLARED_SELECTOR = YES;
				GCC_WARN_UNINITIALIZED_AUTOS = YES_AGGRESSIVE;
				GCC_WARN_UNUSED_FUNCTION = YES;
				GCC_WARN_UNUSED_VARIABLE = YES;
				IPHONEOS_DEPLOYMENT_TARGET = 12.0;
				MTL_ENABLE_DEBUG_INFO = NO;
				MTL_FAST_MATH = YES;
				SDKROOT = iphoneos;
				SWIFT_COMPILATION_MODE = wholemodule;
				SWIFT_OPTIMIZATION_LEVEL = "-O";
				VALIDATE_PRODUCT = YES;
			};
			name = Release;
		};
		75F1FA2D217E2F3600031F40 /* Debug */ = {
			isa = XCBuildConfiguration;
			baseConfigurationReference = 09E880F744B6456BABE67471 /* Pods-Stalk.debug.xcconfig */;
			buildSettings = {
				ASSETCATALOG_COMPILER_APPICON_NAME = AppIcon;
				CODE_SIGN_STYLE = Automatic;
				INFOPLIST_FILE = Stalk/Info.plist;
				LD_RUNPATH_SEARCH_PATHS = (
					"$(inherited)",
					"@executable_path/Frameworks",
				);
				PRODUCT_BUNDLE_IDENTIFIER = ratajczak.artur.Stalk;
				PRODUCT_NAME = "$(TARGET_NAME)";
				SWIFT_OBJC_BRIDGING_HEADER = "";
				SWIFT_VERSION = 4.2;
				TARGETED_DEVICE_FAMILY = "1,2";
			};
			name = Debug;
		};
		75F1FA2E217E2F3600031F40 /* Release */ = {
			isa = XCBuildConfiguration;
			baseConfigurationReference = DAC1F223C10E97255501BE5C /* Pods-Stalk.release.xcconfig */;
			buildSettings = {
				ASSETCATALOG_COMPILER_APPICON_NAME = AppIcon;
				CODE_SIGN_STYLE = Automatic;
				INFOPLIST_FILE = Stalk/Info.plist;
				LD_RUNPATH_SEARCH_PATHS = (
					"$(inherited)",
					"@executable_path/Frameworks",
				);
				PRODUCT_BUNDLE_IDENTIFIER = ratajczak.artur.Stalk;
				PRODUCT_NAME = "$(TARGET_NAME)";
				SWIFT_OBJC_BRIDGING_HEADER = "";
				SWIFT_VERSION = 4.2;
				TARGETED_DEVICE_FAMILY = "1,2";
			};
			name = Release;
		};
/* End XCBuildConfiguration section */

/* Begin XCConfigurationList section */
		75F1FA15217E2F3400031F40 /* Build configuration list for PBXProject "Stalk" */ = {
			isa = XCConfigurationList;
			buildConfigurations = (
				75F1FA2A217E2F3600031F40 /* Debug */,
				75F1FA2B217E2F3600031F40 /* Release */,
			);
			defaultConfigurationIsVisible = 0;
			defaultConfigurationName = Release;
		};
		75F1FA2C217E2F3600031F40 /* Build configuration list for PBXNativeTarget "Stalk" */ = {
			isa = XCConfigurationList;
			buildConfigurations = (
				75F1FA2D217E2F3600031F40 /* Debug */,
				75F1FA2E217E2F3600031F40 /* Release */,
			);
			defaultConfigurationIsVisible = 0;
			defaultConfigurationName = Release;
		};
/* End XCConfigurationList section */
	};
	rootObject = 75F1FA12217E2F3400031F40 /* Project object */;
}
